
Microsoft Visual Studio Solution File, Format Version 12.00
# Visual Studio Version 17
VisualStudioVersion = 17.6.33815.320
MinimumVisualStudioVersion = 10.0.40219.1
Project("{FAE04EC0-301F-11D3-BF4B-00C04F79EFBC}") = "final", "final\final.csproj", "{D704CEF7-1C91-42A8-BF1F-55F9EBDDC94F}"
EndProject
Global
	GlobalSection(SolutionConfigurationPlatforms) = preSolution
		Debug|Any CPU = Debug|Any CPU
		Release|Any CPU = Release|Any CPU
	EndGlobalSection
	GlobalSection(ProjectConfigurationPlatforms) = postSolution
		{D704CEF7-1C91-42A8-BF1F-55F9EBDDC94F}.Debug|Any CPU.ActiveCfg = Debug|Any CPU
		{D704CEF7-1C91-42A8-BF1F-55F9EBDDC94F}.Debug|Any CPU.Build.0 = Debug|Any CPU
		{D704CEF7-1C91-42A8-BF1F-55F9EBDDC94F}.Release|Any CPU.ActiveCfg = Release|Any CPU
		{D704CEF7-1C91-42A8-BF1F-55F9EBDDC94F}.Release|Any CPU.Build.0 = Release|Any CPU
	EndGlobalSection
	GlobalSection(SolutionProperties) = preSolution
		HideSolutionNode = FALSE
	EndGlobalSection
	GlobalSection(ExtensibilityGlobals) = postSolution
		SolutionGuid = {88372FFC-3814-46BD-AF6A-203B1923F445}
	EndGlobalSection
EndGlobal
